
Microsoft Visual Studio Solution File, Format Version 12.00
# Visual Studio Version 17
VisualStudioVersion = 17.1.32328.378
MinimumVisualStudioVersion = 10.0.40219.1
Project("{9A19103F-16F7-4668-BE54-9A1E7A4F7556}") = "TopsyTurvyCakes", "TopsyTurvyCakes.csproj", "{2719B843-D97C-4A3F-8991-A3483FD79743}"
EndProject
Global
	GlobalSection(SolutionConfigurationPlatforms) = preSolution
		Debug|Any CPU = Debug|Any CPU
		Release|Any CPU = Release|Any CPU
	EndGlobalSection
	GlobalSection(ProjectConfigurationPlatforms) = postSolution
		{2719B843-D97C-4A3F-8991-A3483FD79743}.Debug|Any CPU.ActiveCfg = Debug|Any CPU
		{2719B843-D97C-4A3F-8991-A3483FD79743}.Debug|Any CPU.Build.0 = Debug|Any CPU
		{2719B843-D97C-4A3F-8991-A3483FD79743}.Release|Any CPU.ActiveCfg = Release|Any CPU
		{2719B843-D97C-4A3F-8991-A3483FD79743}.Release|Any CPU.Build.0 = Release|Any CPU
	EndGlobalSection
	GlobalSection(SolutionProperties) = preSolution
		HideSolutionNode = FALSE
	EndGlobalSection
	GlobalSection(ExtensibilityGlobals) = postSolution
		SolutionGuid = {73B477FD-2999-4397-9EDE-520BB6D30891}
	EndGlobalSection
EndGlobal
